Microsoft Visual Studio Solution File, Format Version 12.00
# Visual Studio 15
VisualStudioVersion = 15.0.27130.2036
MinimumVisualStudioVersion = 10.0.40219.1
Project("{2150E333-8FDC-42A3-9474-1A3956D46DE8}") = ".paket", ".paket", "{ED752CB6-0C58-4520-8091-2630647230C6}"
	ProjectSection(SolutionItems) = preProject
		paket.dependencies = paket.dependencies
	EndProjectSection
EndProject
Project("{2150E333-8FDC-42A3-9474-1A3956D46DE8}") = "src", "src", "{C2F8FF63-7A48-4179-A720-86206C42F496}"
EndProject
Project("{2150E333-8FDC-42A3-9474-1A3956D46DE8}") = "test", "test", "{A1834318-2802-4E88-B720-A33B9214F680}"
EndProject
Project("{9A19103F-16F7-4668-BE54-9A1E7A4F7556}") = "Be.Vlaanderen.Basisregisters.Generators.Guid.Deterministic", "src\Be.Vlaanderen.Basisregisters.Generators.Guid.Deterministic\Be.Vlaanderen.Basisregisters.Generators.Guid.Deterministic.csproj", "{7FA0BF0A-B98F-4455-A9D1-01B22538A9B9}"
EndProject
Project("{2150E333-8FDC-42A3-9474-1A3956D46DE8}") = "Solution Items", "Solution Items", "{453A566F-E4D5-4D12-A5A7-67D02B4330FD}"
	ProjectSection(SolutionItems) = preProject
		build.fsx = build.fsx
	EndProjectSection
EndProject
Project("{9A19103F-16F7-4668-BE54-9A1E7A4F7556}") = "Be.Vlaanderen.Basisregisters.Generators.Guid.Deterministic.Tests", "test\Be.Vlaanderen.Basisregisters.Generators.Guid.Deterministic.Tests\Be.Vlaanderen.Basisregisters.Generators.Guid.Deterministic.Tests.csproj", "{11731FAB-1CBE-4215-9B5E-6D4A82EB7043}"
EndProject
Global
	GlobalSection(SolutionConfigurationPlatforms) = preSolution
		Debug|Any CPU = Debug|Any CPU
		Debug|x64 = Debug|x64
		Debug|x86 = Debug|x86
		Release|Any CPU = Release|Any CPU
		Release|x64 = Release|x64
		Release|x86 = Release|x86
	EndGlobalSection
	GlobalSection(ProjectConfigurationPlatforms) = postSolution
		{7FA0BF0A-B98F-4455-A9D1-01B22538A9B9}.Debug|Any CPU.ActiveCfg = Debug|Any CPU
		{7FA0BF0A-B98F-4455-A9D1-01B22538A9B9}.Debug|Any CPU.Build.0 = Debug|Any CPU
		{7FA0BF0A-B98F-4455-A9D1-01B22538A9B9}.Debug|x64.ActiveCfg = Debug|Any CPU
		{7FA0BF0A-B98F-4455-A9D1-01B22538A9B9}.Debug|x64.Build.0 = Debug|Any CPU
		{7FA0BF0A-B98F-4455-A9D1-01B22538A9B9}.Debug|x86.ActiveCfg = Debug|Any CPU
		{7FA0BF0A-B98F-4455-A9D1-01B22538A9B9}.Debug|x86.Build.0 = Debug|Any CPU
		{7FA0BF0A-B98F-4455-A9D1-01B22538A9B9}.Release|Any CPU.ActiveCfg = Release|Any CPU
		{7FA0BF0A-B98F-4455-A9D1-01B22538A9B9}.Release|Any CPU.Build.0 = Release|Any CPU
		{7FA0BF0A-B98F-4455-A9D1-01B22538A9B9}.Release|x64.ActiveCfg = Release|Any CPU
		{7FA0BF0A-B98F-4455-A9D1-01B22538A9B9}.Release|x64.Build.0 = Release|Any CPU
		{7FA0BF0A-B98F-4455-A9D1-01B22538A9B9}.Release|x86.ActiveCfg = Release|Any CPU
		{7FA0BF0A-B98F-4455-A9D1-01B22538A9B9}.Release|x86.Build.0 = Release|Any CPU
		{11731FAB-1CBE-4215-9B5E-6D4A82EB7043}.Debug|Any CPU.ActiveCfg = Debug|Any CPU
		{11731FAB-1CBE-4215-9B5E-6D4A82EB7043}.Debug|Any CPU.Build.0 = Debug|Any CPU
		{11731FAB-1CBE-4215-9B5E-6D4A82EB7043}.Debug|x64.ActiveCfg = Debug|Any CPU
		{11731FAB-1CBE-4215-9B5E-6D4A82EB7043}.Debug|x64.Build.0 = Debug|Any CPU
		{11731FAB-1CBE-4215-9B5E-6D4A82EB7043}.Debug|x86.ActiveCfg = Debug|Any CPU
		{11731FAB-1CBE-4215-9B5E-6D4A82EB7043}.Debug|x86.Build.0 = Debug|Any CPU
		{11731FAB-1CBE-4215-9B5E-6D4A82EB7043}.Release|Any CPU.ActiveCfg = Release|Any CPU
		{11731FAB-1CBE-4215-9B5E-6D4A82EB7043}.Release|Any CPU.Build.0 = Release|Any CPU
		{11731FAB-1CBE-4215-9B5E-6D4A82EB7043}.Release|x64.ActiveCfg = Release|Any CPU
		{11731FAB-1CBE-4215-9B5E-6D4A82EB7043}.Release|x64.Build.0 = Release|Any CPU
		{11731FAB-1CBE-4215-9B5E-6D4A82EB7043}.Release|x86.ActiveCfg = Release|Any CPU
		{11731FAB-1CBE-4215-9B5E-6D4A82EB7043}.Release|x86.Build.0 = Release|Any CPU
	EndGlobalSection
	GlobalSection(SolutionProperties) = preSolution
		HideSolutionNode = FALSE
	EndGlobalSection
	GlobalSection(NestedProjects) = preSolution
		{7FA0BF0A-B98F-4455-A9D1-01B22538A9B9} = {C2F8FF63-7A48-4179-A720-86206C42F496}
		{11731FAB-1CBE-4215-9B5E-6D4A82EB7043} = {A1834318-2802-4E88-B720-A33B9214F680}
	EndGlobalSection
	GlobalSection(ExtensibilityGlobals) = postSolution
		SolutionGuid = {2EB87445-E263-4E1E-89CC-3839170028E5}
	EndGlobalSection
EndGlobal
